
Microsoft Visual Studio Solution File, Format Version 12.00
# Visual Studio Version 17
VisualStudioVersion = 17.10.35027.167
MinimumVisualStudioVersion = 10.0.40219.1
Project("{FAE04EC0-301F-11D3-BF4B-00C04F79EFBC}") = "MethodNamingAnalyzer", "MethodNamingAnalyzer\MethodNamingAnalyzer\MethodNamingAnalyzer.csproj", "{2E348544-9D89-458C-AC03-377FBB79E867}"
EndProject
Project("{FAE04EC0-301F-11D3-BF4B-00C04F79EFBC}") = "MethodNamingAnalyzer.CodeFixes", "MethodNamingAnalyzer\MethodNamingAnalyzer.CodeFixes\MethodNamingAnalyzer.CodeFixes.csproj", "{2C8DA2F3-783E-4C67-920D-D411879CDFE5}"
EndProject
Project("{FAE04EC0-301F-11D3-BF4B-00C04F79EFBC}") = "MethodNamingAnalyzer.Package", "MethodNamingAnalyzer\MethodNamingAnalyzer.Package\MethodNamingAnalyzer.Package.csproj", "{B8BA171C-12B9-4EE9-B7D4-DFD8B9015B8F}"
EndProject
Project("{FAE04EC0-301F-11D3-BF4B-00C04F79EFBC}") = "MethodNamingAnalyzer.Test", "MethodNamingAnalyzer\MethodNamingAnalyzer.Test\MethodNamingAnalyzer.Test.csproj", "{437F3E4D-9C94-4426-840B-04D2C5343A5E}"
EndProject
Project("{FAE04EC0-301F-11D3-BF4B-00C04F79EFBC}") = "MethodNamingAnalyzer.Vsix", "MethodNamingAnalyzer\MethodNamingAnalyzer.Vsix\MethodNamingAnalyzer.Vsix.csproj", "{970976E1-E02D-4369-80CE-11561B552B7A}"
EndProject
Global
	GlobalSection(SolutionConfigurationPlatforms) = preSolution
		Debug|Any CPU = Debug|Any CPU
		Release|Any CPU = Release|Any CPU
	EndGlobalSection
	GlobalSection(ProjectConfigurationPlatforms) = postSolution
		{2E348544-9D89-458C-AC03-377FBB79E867}.Debug|Any CPU.ActiveCfg = Debug|Any CPU
		{2E348544-9D89-458C-AC03-377FBB79E867}.Debug|Any CPU.Build.0 = Debug|Any CPU
		{2E348544-9D89-458C-AC03-377FBB79E867}.Release|Any CPU.ActiveCfg = Release|Any CPU
		{2E348544-9D89-458C-AC03-377FBB79E867}.Release|Any CPU.Build.0 = Release|Any CPU
		{2C8DA2F3-783E-4C67-920D-D411879CDFE5}.Debug|Any CPU.ActiveCfg = Debug|Any CPU
		{2C8DA2F3-783E-4C67-920D-D411879CDFE5}.Debug|Any CPU.Build.0 = Debug|Any CPU
		{2C8DA2F3-783E-4C67-920D-D411879CDFE5}.Release|Any CPU.ActiveCfg = Release|Any CPU
		{2C8DA2F3-783E-4C67-920D-D411879CDFE5}.Release|Any CPU.Build.0 = Release|Any CPU
		{B8BA171C-12B9-4EE9-B7D4-DFD8B9015B8F}.Debug|Any CPU.ActiveCfg = Debug|Any CPU
		{B8BA171C-12B9-4EE9-B7D4-DFD8B9015B8F}.Debug|Any CPU.Build.0 = Debug|Any CPU
		{B8BA171C-12B9-4EE9-B7D4-DFD8B9015B8F}.Release|Any CPU.ActiveCfg = Release|Any CPU
		{B8BA171C-12B9-4EE9-B7D4-DFD8B9015B8F}.Release|Any CPU.Build.0 = Release|Any CPU
		{437F3E4D-9C94-4426-840B-04D2C5343A5E}.Debug|Any CPU.ActiveCfg = Debug|Any CPU
		{437F3E4D-9C94-4426-840B-04D2C5343A5E}.Debug|Any CPU.Build.0 = Debug|Any CPU
		{437F3E4D-9C94-4426-840B-04D2C5343A5E}.Release|Any CPU.ActiveCfg = Release|Any CPU
		{437F3E4D-9C94-4426-840B-04D2C5343A5E}.Release|Any CPU.Build.0 = Release|Any CPU
		{970976E1-E02D-4369-80CE-11561B552B7A}.Debug|Any CPU.ActiveCfg = Debug|Any CPU
		{970976E1-E02D-4369-80CE-11561B552B7A}.Debug|Any CPU.Build.0 = Debug|Any CPU
		{970976E1-E02D-4369-80CE-11561B552B7A}.Release|Any CPU.ActiveCfg = Release|Any CPU
		{970976E1-E02D-4369-80CE-11561B552B7A}.Release|Any CPU.Build.0 = Release|Any CPU
	EndGlobalSection
	GlobalSection(SolutionProperties) = preSolution
		HideSolutionNode = FALSE
	EndGlobalSection
	GlobalSection(ExtensibilityGlobals) = postSolution
		SolutionGuid = {BF45DE3F-DFC9-4D57-AB45-89F8C63B7835}
	EndGlobalSection
EndGlobal
